
Microsoft Visual Studio Solution File, Format Version 12.00
# Visual Studio Version 17
VisualStudioVersion = 17.1.32319.34
MinimumVisualStudioVersion = 10.0.40219.1
Project("{FAE04EC0-301F-11D3-BF4B-00C04F79EFBC}") = "Memento", "Memento\Memento.csproj", "{B6746D0E-5B66-465D-A381-0D8043C929AE}"
EndProject
Global
	GlobalSection(SolutionConfigurationPlatforms) = preSolution
		Debug|Any CPU = Debug|Any CPU
		Release|Any CPU = Release|Any CPU
	EndGlobalSection
	GlobalSection(ProjectConfigurationPlatforms) = postSolution
		{B6746D0E-5B66-465D-A381-0D8043C929AE}.Debug|Any CPU.ActiveCfg = Debug|Any CPU
		{B6746D0E-5B66-465D-A381-0D8043C929AE}.Debug|Any CPU.Build.0 = Debug|Any CPU
		{B6746D0E-5B66-465D-A381-0D8043C929AE}.Release|Any CPU.ActiveCfg = Release|Any CPU
		{B6746D0E-5B66-465D-A381-0D8043C929AE}.Release|Any CPU.Build.0 = Release|Any CPU
	EndGlobalSection
	GlobalSection(SolutionProperties) = preSolution
		HideSolutionNode = FALSE
	EndGlobalSection
	GlobalSection(ExtensibilityGlobals) = postSolution
		SolutionGuid = {CE3E0DBA-900D-452C-BD7D-C948124E5C5D}
	EndGlobalSection
EndGlobal
